[[package]]
name = "about"
version = "0.1.0"
dependencies = [
 "font 0.1.0",
]

[[package]]
name = "byteorder"
version = "1.2.6"
source = "registry+https://github.com/rust-lang/crates.io-index"

[[package]]
name = "fixed"
version = "0.1.3"
source = "registry+https://github.com/rust-lang/crates.io-index"
dependencies = [
 "typenum 1.10.0 (registry+https://github.com/rust-lang/crates.io-index)",
]

[[package]]
name = "font"
version = "0.1.0"
dependencies = [
 "byteorder 1.2.6 (registry+https://github.com/rust-lang/crates.io-index)",
 "fixed 0.1.3 (registry+https://github.com/rust-lang/crates.io-index)",
]

[[package]]
name = "fonts"
version = "0.1.0"
dependencies = [
 "font 0.1.0",
]

[[package]]
name = "typenum"
version = "1.10.0"
source = "registry+https://github.com/rust-lang/crates.io-index"

[metadata]
"checksum byteorder 1.2.6 (registry+https://github.com/rust-lang/crates.io-index)" = "90492c5858dd7d2e78691cfb89f90d273a2800fc11d98f60786e5d87e2f83781"
"checksum fixed 0.1.3 (registry+https://github.com/rust-lang/crates.io-index)" = "fef5cdc339d202040aed98d1a0df1cb98c088e70dde3d041373f3c9120bee9a9"
"checksum typenum 1.10.0 (registry+https://github.com/rust-lang/crates.io-index)" = "612d636f949607bdf9b123b4a6f6d966dedf3ff669f7f045890d3a4a73948169"
